// !$*UTF8*$!
{
	archiveVersion = 1;
	classes = {
	};
	objectVersion = 56;
	objects = {

/* Begin PBXBuildFile section */
		5DADA4552C9C31E000536303 /* ProCoApp.swift in Sources */ = {isa = PBXBuildFile; fileRef = 5DADA4542C9C31E000536303 /* ProCoApp.swift */; };
		5DADA4572C9C31E000536303 /* DashboardView.swift in Sources */ = {isa = PBXBuildFile; fileRef = 5DADA4562C9C31E000536303 /* DashboardView.swift */; };
		5DADA4592C9C31E100536303 /* Assets.xcassets in Resources */ = {isa = PBXBuildFile; fileRef = 5DADA4582C9C31E100536303 /* Assets.xcassets */; };
		5DADA45C2C9C31E100536303 /* Preview Assets.xcassets in Resources */ = {isa = PBXBuildFile; fileRef = 5DADA45B2C9C31E100536303 /* Preview Assets.xcassets */; };
		5DADA4642C9C324100536303 /* GoalData.swift in Sources */ = {isa = PBXBuildFile; fileRef = 5DADA4632C9C324100536303 /* GoalData.swift */; };
		5DADA4662C9C35A000536303 /* AddDataView.swift in Sources */ = {isa = PBXBuildFile; fileRef = 5DADA4652C9C35A000536303 /* AddDataView.swift */; };
		5DADA4682C9C35DE00536303 /* ScaffoldView.swift in Sources */ = {isa = PBXBuildFile; fileRef = 5DADA4672C9C35DE00536303 /* ScaffoldView.swift */; };
		5DADA46B2C9C362D00536303 /* PurpleGradient.swift in Sources */ = {isa = PBXBuildFile; fileRef = 5DADA46A2C9C362D00536303 /* PurpleGradient.swift */; };
		5DADA46D2C9C36C800536303 /* ProgressBarViewStyle.swift in Sources */ = {isa = PBXBuildFile; fileRef = 5DADA46C2C9C36C800536303 /* ProgressBarViewStyle.swift */; };
		5DADA46F2C9C36F700536303 /* Extensions.swift in Sources */ = {isa = PBXBuildFile; fileRef = 5DADA46E2C9C36F700536303 /* Extensions.swift */; };
		5DADA4712C9C371C00536303 /* ProgressBarView.swift in Sources */ = {isa = PBXBuildFile; fileRef = 5DADA4702C9C371C00536303 /* ProgressBarView.swift */; };
		5DADA4732C9C37F100536303 /* ProCoButton.swift in Sources */ = {isa = PBXBuildFile; fileRef = 5DADA4722C9C37F000536303 /* ProCoButton.swift */; };
		5DADA4752C9C380B00536303 /* ProCoTextButton.swift in Sources */ = {isa = PBXBuildFile; fileRef = 5DADA4742C9C380B00536303 /* ProCoTextButton.swift */; };
		5DADA4772C9C382500536303 /* ProCoNavButton.swift in Sources */ = {isa = PBXBuildFile; fileRef = 5DADA4762C9C382500536303 /* ProCoNavButton.swift */; };
		5DADA47A2C9C388300536303 /* Localizable.strings in Resources */ = {isa = PBXBuildFile; fileRef = 5DADA4782C9C388300536303 /* Localizable.strings */; };
		5DADA47C2C9C38CC00536303 /* ScreenType.swift in Sources */ = {isa = PBXBuildFile; fileRef = 5DADA47B2C9C38CC00536303 /* ScreenType.swift */; };
		5DADA47E2C9C3BAD00536303 /* Input.swift in Sources */ = {isa = PBXBuildFile; fileRef = 5DADA47D2C9C3BAD00536303 /* Input.swift */; };
		5DADA4802C9C478C00536303 /* DateFormatter.swift in Sources */ = {isa = PBXBuildFile; fileRef = 5DADA47F2C9C478C00536303 /* DateFormatter.swift */; };
		5DADA4822C9C5F9100536303 /* Saved.swift in Sources */ = {isa = PBXBuildFile; fileRef = 5DADA4812C9C5F9100536303 /* Saved.swift */; };
		5DADA4842C9C638100536303 /* SavedView.swift in Sources */ = {isa = PBXBuildFile; fileRef = 5DADA4832C9C638100536303 /* SavedView.swift */; };
/* End PBXBuildFile section */

/* Begin PBXFileReference section */
		5DADA4512C9C31E000536303 /* ProCo-iOS.app */ = {isa = PBXFileReference; explicitFileType = wrapper.application; includeInIndex = 0; path = "ProCo-iOS.app"; sourceTree = BUILT_PRODUCTS_DIR; };
		5DADA4542C9C31E000536303 /* ProCoApp.swift */ = {isa = PBXFileReference; lastKnownFileType = sourcecode.swift; path = ProCoApp.swift; sourceTree = "<group>"; };
		5DADA4562C9C31E000536303 /* DashboardView.swift */ = {isa = PBXFileReference; lastKnownFileType = sourcecode.swift; path = DashboardView.swift; sourceTree = "<group>"; };
		5DADA4582C9C31E100536303 /* Assets.xcassets */ = {isa = PBXFileReference; lastKnownFileType = folder.assetcatalog; path = Assets.xcassets; sourceTree = "<group>"; };
		5DADA45B2C9C31E100536303 /* Preview Assets.xcassets */ = {isa = PBXFileReference; lastKnownFileType = folder.assetcatalog; path = "Preview Assets.xcassets"; sourceTree = "<group>"; };
		5DADA4632C9C324100536303 /* GoalData.swift */ = {isa = PBXFileReference; lastKnownFileType = sourcecode.swift; path = GoalData.swift; sourceTree = "<group>"; };
		5DADA4652C9C35A000536303 /* AddDataView.swift */ = {isa = PBXFileReference; lastKnownFileType = sourcecode.swift; path = AddDataView.swift; sourceTree = "<group>"; };
		5DADA4672C9C35DE00536303 /* ScaffoldView.swift */ = {isa = PBXFileReference; lastKnownFileType = sourcecode.swift; path = ScaffoldView.swift; sourceTree = "<group>"; };
		5DADA46A2C9C362D00536303 /* PurpleGradient.swift */ = {isa = PBXFileReference; lastKnownFileType = sourcecode.swift; path = PurpleGradient.swift; sourceTree = "<group>"; };
		5DADA46C2C9C36C800536303 /* ProgressBarViewStyle.swift */ = {isa = PBXFileReference; lastKnownFileType = sourcecode.swift; path = ProgressBarViewStyle.swift; sourceTree = "<group>"; };
		5DADA46E2C9C36F700536303 /* Extensions.swift */ = {isa = PBXFileReference; lastKnownFileType = sourcecode.swift; path = Extensions.swift; sourceTree = "<group>"; };
		5DADA4702C9C371C00536303 /* ProgressBarView.swift */ = {isa = PBXFileReference; lastKnownFileType = sourcecode.swift; path = ProgressBarView.swift; sourceTree = "<group>"; };
		5DADA4722C9C37F000536303 /* ProCoButton.swift */ = {isa = PBXFileReference; lastKnownFileType = sourcecode.swift; path = ProCoButton.swift; sourceTree = "<group>"; };
		5DADA4742C9C380B00536303 /* ProCoTextButton.swift */ = {isa = PBXFileReference; lastKnownFileType = sourcecode.swift; path = ProCoTextButton.swift; sourceTree = "<group>"; };
		5DADA4762C9C382500536303 /* ProCoNavButton.swift */ = {isa = PBXFileReference; lastKnownFileType = sourcecode.swift; path = ProCoNavButton.swift; sourceTree = "<group>"; };
		5DADA4792C9C388300536303 /* en */ = {isa = PBXFileReference; lastKnownFileType = text.plist.strings; name = en; path = en.lproj/Localizable.strings; sourceTree = "<group>"; };
		5DADA47B2C9C38CC00536303 /* ScreenType.swift */ = {isa = PBXFileReference; lastKnownFileType = sourcecode.swift; path = ScreenType.swift; sourceTree = "<group>"; };
		5DADA47D2C9C3BAD00536303 /* Input.swift */ = {isa = PBXFileReference; lastKnownFileType = sourcecode.swift; path = Input.swift; sourceTree = "<group>"; };
		5DADA47F2C9C478C00536303 /* DateFormatter.swift */ = {isa = PBXFileReference; lastKnownFileType = sourcecode.swift; path = DateFormatter.swift; sourceTree = "<group>"; };
		5DADA4812C9C5F9100536303 /* Saved.swift */ = {isa = PBXFileReference; lastKnownFileType = sourcecode.swift; path = Saved.swift; sourceTree = "<group>"; };
		5DADA4832C9C638100536303 /* SavedView.swift */ = {isa = PBXFileReference; lastKnownFileType = sourcecode.swift; path = SavedView.swift; sourceTree = "<group>"; };
/* End PBXFileReference section */

/* Begin PBXFrameworksBuildPhase section */
		5DADA44E2C9C31E000536303 /* Frameworks */ = {
			isa = PBXFrameworksBuildPhase;
			buildActionMask = 2147483647;
			files = (
			);
			runOnlyForDeploymentPostprocessing = 0;
		};
/* End PBXFrameworksBuildPhase section */

/* Begin PBXGroup section */
		5DADA4482C9C31E000536303 = {
			isa = PBXGroup;
			children = (
				5DADA4532C9C31E000536303 /* ProCo-iOS */,
				5DADA4522C9C31E000536303 /* Products */,
			);
			sourceTree = "<group>";
		};
		5DADA4522C9C31E000536303 /* Products */ = {
			isa = PBXGroup;
			children = (
				5DADA4512C9C31E000536303 /* ProCo-iOS.app */,
			);
			name = Products;
			sourceTree = "<group>";
		};
		5DADA4532C9C31E000536303 /* ProCo-iOS */ = {
			isa = PBXGroup;
			children = (
				5DADA4692C9C362300536303 /* components */,
				5DADA4622C9C322900536303 /* model */,
				5DADA4542C9C31E000536303 /* ProCoApp.swift */,
				5DADA4562C9C31E000536303 /* DashboardView.swift */,
				5DADA4782C9C388300536303 /* Localizable.strings */,
				5DADA4582C9C31E100536303 /* Assets.xcassets */,
				5DADA45A2C9C31E100536303 /* Preview Content */,
				5DADA4652C9C35A000536303 /* AddDataView.swift */,
				5DADA46E2C9C36F700536303 /* Extensions.swift */,
				5DADA4702C9C371C00536303 /* ProgressBarView.swift */,
				5DADA47B2C9C38CC00536303 /* ScreenType.swift */,
				5DADA47F2C9C478C00536303 /* DateFormatter.swift */,
				5DADA4832C9C638100536303 /* SavedView.swift */,
			);
			path = "ProCo-iOS";
			sourceTree = "<group>";
		};
		5DADA45A2C9C31E100536303 /* Preview Content */ = {
			isa = PBXGroup;
			children = (
				5DADA45B2C9C31E100536303 /* Preview Assets.xcassets */,
			);
			path = "Preview Content";
			sourceTree = "<group>";
		};
		5DADA4622C9C322900536303 /* model */ = {
			isa = PBXGroup;
			children = (
				5DADA4632C9C324100536303 /* GoalData.swift */,
				5DADA47D2C9C3BAD00536303 /* Input.swift */,
				5DADA4812C9C5F9100536303 /* Saved.swift */,
			);
			path = model;
			sourceTree = "<group>";
		};
		5DADA4692C9C362300536303 /* components */ = {
			isa = PBXGroup;
			children = (
				5DADA4672C9C35DE00536303 /* ScaffoldView.swift */,
				5DADA46A2C9C362D00536303 /* PurpleGradient.swift */,
				5DADA46C2C9C36C800536303 /* ProgressBarViewStyle.swift */,
				5DADA4722C9C37F000536303 /* ProCoButton.swift */,
				5DADA4742C9C380B00536303 /* ProCoTextButton.swift */,
				5DADA4762C9C382500536303 /* ProCoNavButton.swift */,
			);
			path = components;
			sourceTree = "<group>";
		};
/* End PBXGroup section */

/* Begin PBXNativeTarget section */
		5DADA4502C9C31E000536303 /* ProCo-iOS */ = {
			isa = PBXNativeTarget;
			buildConfigurationList = 5DADA45F2C9C31E100536303 /* Build configuration list for PBXNativeTarget "ProCo-iOS" */;
			buildPhases = (
				5DADA44D2C9C31E000536303 /* Sources */,
				5DADA44E2C9C31E000536303 /* Frameworks */,
				5DADA44F2C9C31E000536303 /* Resources */,
			);
			buildRules = (
			);
			dependencies = (
			);
			name = "ProCo-iOS";
			productName = "ProCo-iOS";
			productReference = 5DADA4512C9C31E000536303 /* ProCo-iOS.app */;
			productType = "com.apple.product-type.application";
		};
/* End PBXNativeTarget section */

/* Begin PBXProject section */
		5DADA4492C9C31E000536303 /* Project object */ = {
			isa = PBXProject;
			attributes = {
				BuildIndependentTargetsInParallel = 1;
				LastSwiftUpdateCheck = 1540;
				LastUpgradeCheck = 1540;
				TargetAttributes = {
					5DADA4502C9C31E000536303 = {
						CreatedOnToolsVersion = 15.4;
					};
				};
			};
			buildConfigurationList = 5DADA44C2C9C31E000536303 /* Build configuration list for PBXProject "ProCo-iOS" */;
			compatibilityVersion = "Xcode 14.0";
			developmentRegion = en;
			hasScannedForEncodings = 0;
			knownRegions = (
				en,
				Base,
			);
			mainGroup = 5DADA4482C9C31E000536303;
			productRefGroup = 5DADA4522C9C31E000536303 /* Products */;
			projectDirPath = "";
			projectRoot = "";
			targets = (
				5DADA4502C9C31E000536303 /* ProCo-iOS */,
			);
		};
/* End PBXProject section */

/* Begin PBXResourcesBuildPhase section */
		5DADA44F2C9C31E000536303 /* Resources */ = {
			isa = PBXResourcesBuildPhase;
			buildActionMask = 2147483647;
			files = (
				5DADA45C2C9C31E100536303 /* Preview Assets.xcassets in Resources */,
				5DADA47A2C9C388300536303 /* Localizable.strings in Resources */,
				5DADA4592C9C31E100536303 /* Assets.xcassets in Resources */,
			);
			runOnlyForDeploymentPostprocessing = 0;
		};
/* End PBXResourcesBuildPhase section */

/* Begin PBXSourcesBuildPhase section */
		5DADA44D2C9C31E000536303 /* Sources */ = {
			isa = PBXSourcesBuildPhase;
			buildActionMask = 2147483647;
			files = (
				5DADA47E2C9C3BAD00536303 /* Input.swift in Sources */,
				5DADA47C2C9C38CC00536303 /* ScreenType.swift in Sources */,
				5DADA4662C9C35A000536303 /* AddDataView.swift in Sources */,
				5DADA4712C9C371C00536303 /* ProgressBarView.swift in Sources */,
				5DADA4642C9C324100536303 /* GoalData.swift in Sources */,
				5DADA4772C9C382500536303 /* ProCoNavButton.swift in Sources */,
				5DADA4752C9C380B00536303 /* ProCoTextButton.swift in Sources */,
				5DADA4682C9C35DE00536303 /* ScaffoldView.swift in Sources */,
				5DADA46F2C9C36F700536303 /* Extensions.swift in Sources */,
				5DADA4822C9C5F9100536303 /* Saved.swift in Sources */,
				5DADA4842C9C638100536303 /* SavedView.swift in Sources */,
				5DADA4802C9C478C00536303 /* DateFormatter.swift in Sources */,
				5DADA4732C9C37F100536303 /* ProCoButton.swift in Sources */,
				5DADA46B2C9C362D00536303 /* PurpleGradient.swift in Sources */,
				5DADA4572C9C31E000536303 /* DashboardView.swift in Sources */,
				5DADA4552C9C31E000536303 /* ProCoApp.swift in Sources */,
				5DADA46D2C9C36C800536303 /* ProgressBarViewStyle.swift in Sources */,
			);
			runOnlyForDeploymentPostprocessing = 0;
		};
/* End PBXSourcesBuildPhase section */

/* Begin PBXVariantGroup section */
		5DADA4782C9C388300536303 /* Localizable.strings */ = {
			isa = PBXVariantGroup;
			children = (
				5DADA4792C9C388300536303 /* en */,
			);
			name = Localizable.strings;
			sourceTree = "<group>";
		};
/* End PBXVariantGroup section */

/* Begin XCBuildConfiguration section */
		5DADA45D2C9C31E100536303 /* Debug */ = {
			isa = XCBuildConfiguration;
			buildSettings = {
				ALWAYS_SEARCH_USER_PATHS = NO;
				ASSETCATALOG_COMPILER_GENERATE_SWIFT_ASSET_SYMBOL_EXTENSIONS = YES;
				CLANG_ANALYZER_NONNULL = YES;
				CLANG_ANALYZER_NUMBER_OBJECT_CONVERSION = YES_AGGRESSIVE;
				CLANG_CXX_LANGUAGE_STANDARD = "gnu++20";
				CLANG_ENABLE_MODULES = YES;
				CLANG_ENABLE_OBJC_ARC = YES;
				CLANG_ENABLE_OBJC_WEAK = YES;
				CLANG_WARN_BLOCK_CAPTURE_AUTORELEASING = YES;
				CLANG_WARN_BOOL_CONVERSION = YES;
				CLANG_WARN_COMMA = YES;
				CLANG_WARN_CONSTANT_CONVERSION = YES;
				CLANG_WARN_DEPRECATED_OBJC_IMPLEMENTATIONS = YES;
				CLANG_WARN_DIRECT_OBJC_ISA_USAGE = YES_ERROR;
				CLANG_WARN_DOCUMENTATION_COMMENTS = YES;
				CLANG_WARN_EMPTY_BODY = YES;
				CLANG_WARN_ENUM_CONVERSION = YES;
				CLANG_WARN_INFINITE_RECURSION = YES;
				CLANG_WARN_INT_CONVERSION = YES;
				CLANG_WARN_NON_LITERAL_NULL_CONVERSION = YES;
				CLANG_WARN_OBJC_IMPLICIT_RETAIN_SELF = YES;
				CLANG_WARN_OBJC_LITERAL_CONVERSION = YES;
				CLANG_WARN_OBJC_ROOT_CLASS = YES_ERROR;
				CLANG_WARN_QUOTED_INCLUDE_IN_FRAMEWORK_HEADER = YES;
				CLANG_WARN_RANGE_LOOP_ANALYSIS = YES;
				CLANG_WARN_STRICT_PROTOTYPES = YES;
				CLANG_WARN_SUSPICIOUS_MOVE = YES;
				CLANG_WARN_UNGUARDED_AVAILABILITY = YES_AGGRESSIVE;
				CLANG_WARN_UNREACHABLE_CODE = YES;
				CLANG_WARN__DUPLICATE_METHOD_MATCH = YES;
				COPY_PHASE_STRIP = NO;
				DEBUG_INFORMATION_FORMAT = dwarf;
				ENABLE_STRICT_OBJC_MSGSEND = YES;
				ENABLE_TESTABILITY = YES;
				ENABLE_USER_SCRIPT_SANDBOXING = YES;
				GCC_C_LANGUAGE_STANDARD = gnu17;
				GCC_DYNAMIC_NO_PIC = NO;
				GCC_NO_COMMON_BLOCKS = YES;
				GCC_OPTIMIZATION_LEVEL = 0;
				GCC_PREPROCESSOR_DEFINITIONS = (
					"DEBUG=1",
					"$(inherited)",
				);
				GCC_WARN_64_TO_32_BIT_CONVERSION = YES;
				GCC_WARN_ABOUT_RETURN_TYPE = YES_ERROR;
				GCC_WARN_UNDECLARED_SELECTOR = YES;
				GCC_WARN_UNINITIALIZED_AUTOS = YES_AGGRESSIVE;
				GCC_WARN_UNUSED_FUNCTION = YES;
				GCC_WARN_UNUSED_VARIABLE = YES;
				IPHONEOS_DEPLOYMENT_TARGET = 17.5;
				LOCALIZATION_PREFERS_STRING_CATALOGS = YES;
				MTL_ENABLE_DEBUG_INFO = INCLUDE_SOURCE;
				MTL_FAST_MATH = YES;
				ONLY_ACTIVE_ARCH = YES;
				SDKROOT = iphoneos;
				SWIFT_ACTIVE_COMPILATION_CONDITIONS = "DEBUG $(inherited)";
				SWIFT_OPTIMIZATION_LEVEL = "-Onone";
			};
			name = Debug;
		};
		5DADA45E2C9C31E100536303 /* Release */ = {
			isa = XCBuildConfiguration;
			buildSettings = {
				ALWAYS_SEARCH_USER_PATHS = NO;
				ASSETCATALOG_COMPILER_GENERATE_SWIFT_ASSET_SYMBOL_EXTENSIONS = YES;
				CLANG_ANALYZER_NONNULL = YES;
				CLANG_ANALYZER_NUMBER_OBJECT_CONVERSION = YES_AGGRESSIVE;
				CLANG_CXX_LANGUAGE_STANDARD = "gnu++20";
				CLANG_ENABLE_MODULES = YES;
				CLANG_ENABLE_OBJC_ARC = YES;
				CLANG_ENABLE_OBJC_WEAK = YES;
				CLANG_WARN_BLOCK_CAPTURE_AUTORELEASING = YES;
				CLANG_WARN_BOOL_CONVERSION = YES;
				CLANG_WARN_COMMA = YES;
				CLANG_WARN_CONSTANT_CONVERSION = YES;
				CLANG_WARN_DEPRECATED_OBJC_IMPLEMENTATIONS = YES;
				CLANG_WARN_DIRECT_OBJC_ISA_USAGE = YES_ERROR;
				CLANG_WARN_DOCUMENTATION_COMMENTS = YES;
				CLANG_WARN_EMPTY_BODY = YES;
				CLANG_WARN_ENUM_CONVERSION = YES;
				CLANG_WARN_INFINITE_RECURSION = YES;
				CLANG_WARN_INT_CONVERSION = YES;
				CLANG_WARN_NON_LITERAL_NULL_CONVERSION = YES;
				CLANG_WARN_OBJC_IMPLICIT_RETAIN_SELF = YES;
				CLANG_WARN_OBJC_LITERAL_CONVERSION = YES;
				CLANG_WARN_OBJC_ROOT_CLASS = YES_ERROR;
				CLANG_WARN_QUOTED_INCLUDE_IN_FRAMEWORK_HEADER = YES;
				CLANG_WARN_RANGE_LOOP_ANALYSIS = YES;
				CLANG_WARN_STRICT_PROTOTYPES = YES;
				CLANG_WARN_SUSPICIOUS_MOVE = YES;
				CLANG_WARN_UNGUARDED_AVAILABILITY = YES_AGGRESSIVE;
				CLANG_WARN_UNREACHABLE_CODE = YES;
				CLANG_WARN__DUPLICATE_METHOD_MATCH = YES;
				COPY_PHASE_STRIP = NO;
				DEBUG_INFORMATION_FORMAT = "dwarf-with-dsym";
				ENABLE_NS_ASSERTIONS = NO;
				ENABLE_STRICT_OBJC_MSGSEND = YES;
				ENABLE_USER_SCRIPT_SANDBOXING = YES;
				GCC_C_LANGUAGE_STANDARD = gnu17;
				GCC_NO_COMMON_BLOCKS = YES;
				GCC_WARN_64_TO_32_BIT_CONVERSION = YES;
				GCC_WARN_ABOUT_RETURN_TYPE = YES_ERROR;
				GCC_WARN_UNDECLARED_SELECTOR = YES;
				GCC_WARN_UNINITIALIZED_AUTOS = YES_AGGRESSIVE;
				GCC_WARN_UNUSED_FUNCTION = YES;
				GCC_WARN_UNUSED_VARIABLE = YES;
				IPHONEOS_DEPLOYMENT_TARGET = 17.5;
				LOCALIZATION_PREFERS_STRING_CATALOGS = YES;
				MTL_ENABLE_DEBUG_INFO = NO;
				MTL_FAST_MATH = YES;
				SDKROOT = iphoneos;
				SWIFT_COMPILATION_MODE = wholemodule;
				VALIDATE_PRODUCT = YES;
			};
			name = Release;
		};
		5DADA4602C9C31E100536303 /* Debug */ = {
			isa = XCBuildConfiguration;
			buildSettings = {
				ASSETCATALOG_COMPILER_APPICON_NAME = AppIcon;
				ASSETCATALOG_COMPILER_GLOBAL_ACCENT_COLOR_NAME = AccentColor;
				CODE_SIGN_STYLE = Automatic;
				CURRENT_PROJECT_VERSION = 1;
				DEVELOPMENT_ASSET_PATHS = "\"ProCo-iOS/Preview Content\"";
				DEVELOPMENT_TEAM = 6RVN2GWH4R;
				ENABLE_PREVIEWS = YES;
				GENERATE_INFOPLIST_FILE = YES;
				INFOPLIST_KEY_UIApplicationSceneManifest_Generation = YES;
				INFOPLIST_KEY_UIApplicationSupportsIndirectInputEvents = YES;
				INFOPLIST_KEY_UILaunchScreen_Generation = YES;
				INFOPLIST_KEY_UISupportedInterfaceOrientations_iPad = "UIInterfaceOrientationPortrait UIInterfaceOrientationPortraitUpsideDown UIInterfaceOrientationLandscapeLeft UIInterfaceOrientationLandscapeRight";
				INFOPLIST_KEY_UISupportedInterfaceOrientations_iPhone = "UIInterfaceOrientationPortrait UIInterfaceOrientationLandscapeLeft UIInterfaceOrientationLandscapeRight";
				LD_RUNPATH_SEARCH_PATHS = (
					"$(inherited)",
					"@executable_path/Frameworks",
				);
				MARKETING_VERSION = 1.0;
				PRODUCT_BUNDLE_IDENTIFIER = "kurmakaeva.anastasia.ProCo-iOS";
				PRODUCT_NAME = "$(TARGET_NAME)";
				SWIFT_EMIT_LOC_STRINGS = YES;
				SWIFT_VERSION = 5.0;
				TARGETED_DEVICE_FAMILY = "1,2";
			};
			name = Debug;
		};
		5DADA4612C9C31E100536303 /* Release */ = {
			isa = XCBuildConfiguration;
			buildSettings = {
				ASSETCATALOG_COMPILER_APPICON_NAME = AppIcon;
				ASSETCATALOG_COMPILER_GLOBAL_ACCENT_COLOR_NAME = AccentColor;
				CODE_SIGN_STYLE = Automatic;
				CURRENT_PROJECT_VERSION = 1;
				DEVELOPMENT_ASSET_PATHS = "\"ProCo-iOS/Preview Content\"";
				DEVELOPMENT_TEAM = 6RVN2GWH4R;
				ENABLE_PREVIEWS = YES;
				GENERATE_INFOPLIST_FILE = YES;
				INFOPLIST_KEY_UIApplicationSceneManifest_Generation = YES;
				INFOPLIST_KEY_UIApplicationSupportsIndirectInputEvents = YES;
				INFOPLIST_KEY_UILaunchScreen_Generation = YES;
				INFOPLIST_KEY_UISupportedInterfaceOrientations_iPad = "UIInterfaceOrientationPortrait UIInterfaceOrientationPortraitUpsideDown UIInterfaceOrientationLandscapeLeft UIInterfaceOrientationLandscapeRight";
				INFOPLIST_KEY_UISupportedInterfaceOrientations_iPhone = "UIInterfaceOrientationPortrait UIInterfaceOrientationLandscapeLeft UIInterfaceOrientationLandscapeRight";
				LD_RUNPATH_SEARCH_PATHS = (
					"$(inherited)",
					"@executable_path/Frameworks",
				);
				MARKETING_VERSION = 1.0;
				PRODUCT_BUNDLE_IDENTIFIER = "kurmakaeva.anastasia.ProCo-iOS";
				PRODUCT_NAME = "$(TARGET_NAME)";
				SWIFT_EMIT_LOC_STRINGS = YES;
				SWIFT_VERSION = 5.0;
				TARGETED_DEVICE_FAMILY = "1,2";
			};
			name = Release;
		};
/* End XCBuildConfiguration section */

/* Begin XCConfigurationList section */
		5DADA44C2C9C31E000536303 /* Build configuration list for PBXProject "ProCo-iOS" */ = {
			isa = XCConfigurationList;
			buildConfigurations = (
				5DADA45D2C9C31E100536303 /* Debug */,
				5DADA45E2C9C31E100536303 /* Release */,
			);
			defaultConfigurationIsVisible = 0;
			defaultConfigurationName = Release;
		};
		5DADA45F2C9C31E100536303 /* Build configuration list for PBXNativeTarget "ProCo-iOS" */ = {
			isa = XCConfigurationList;
			buildConfigurations = (
				5DADA4602C9C31E100536303 /* Debug */,
				5DADA4612C9C31E100536303 /* Release */,
			);
			defaultConfigurationIsVisible = 0;
			defaultConfigurationName = Release;
		};
/* End XCConfigurationList section */
	};
	rootObject = 5DADA4492C9C31E000536303 /* Project object */;
}
